
Microsoft Visual Studio Solution File, Format Version 12.00
# Visual Studio Version 17
VisualStudioVersion = 17.2.32616.157
MinimumVisualStudioVersion = 10.0.40219.1
Project("{FAE04EC0-301F-11D3-BF4B-00C04F79EFBC}") = "Fundoo_Demo", "Fundoo_Demo\Fundoo_Demo.csproj", "{9D3B6624-50CA-469F-9CB2-AC66C7122919}"
EndProject
Project("{FAE04EC0-301F-11D3-BF4B-00C04F79EFBC}") = "CommanLayer", "CommanLayer\CommanLayer.csproj", "{28717216-410C-42EC-AE20-4447777759D5}"
EndProject
Project("{FAE04EC0-301F-11D3-BF4B-00C04F79EFBC}") = "RepositoryLayer", "RepositoryLayer\RepositoryLayer.csproj", "{72489EF1-D131-429B-B06A-BB2942588E57}"
EndProject
Project("{FAE04EC0-301F-11D3-BF4B-00C04F79EFBC}") = "BussinessLayer", "BussinessLayer\BussinessLayer.csproj", "{7C244BA9-88E6-486D-98DC-754EDC6E8C70}"
EndProject
Global
	GlobalSection(SolutionConfigurationPlatforms) = preSolution
		Debug|Any CPU = Debug|Any CPU
		Release|Any CPU = Release|Any CPU
	EndGlobalSection
	GlobalSection(ProjectConfigurationPlatforms) = postSolution
		{9D3B6624-50CA-469F-9CB2-AC66C7122919}.Debug|Any CPU.ActiveCfg = Debug|Any CPU
		{9D3B6624-50CA-469F-9CB2-AC66C7122919}.Debug|Any CPU.Build.0 = Debug|Any CPU
		{9D3B6624-50CA-469F-9CB2-AC66C7122919}.Release|Any CPU.ActiveCfg = Release|Any CPU
		{9D3B6624-50CA-469F-9CB2-AC66C7122919}.Release|Any CPU.Build.0 = Release|Any CPU
		{28717216-410C-42EC-AE20-4447777759D5}.Debug|Any CPU.ActiveCfg = Debug|Any CPU
		{28717216-410C-42EC-AE20-4447777759D5}.Debug|Any CPU.Build.0 = Debug|Any CPU
		{28717216-410C-42EC-AE20-4447777759D5}.Release|Any CPU.ActiveCfg = Release|Any CPU
		{28717216-410C-42EC-AE20-4447777759D5}.Release|Any CPU.Build.0 = Release|Any CPU
		{72489EF1-D131-429B-B06A-BB2942588E57}.Debug|Any CPU.ActiveCfg = Debug|Any CPU
		{72489EF1-D131-429B-B06A-BB2942588E57}.Debug|Any CPU.Build.0 = Debug|Any CPU
		{72489EF1-D131-429B-B06A-BB2942588E57}.Release|Any CPU.ActiveCfg = Release|Any CPU
		{72489EF1-D131-429B-B06A-BB2942588E57}.Release|Any CPU.Build.0 = Release|Any CPU
		{7C244BA9-88E6-486D-98DC-754EDC6E8C70}.Debug|Any CPU.ActiveCfg = Debug|Any CPU
		{7C244BA9-88E6-486D-98DC-754EDC6E8C70}.Debug|Any CPU.Build.0 = Debug|Any CPU
		{7C244BA9-88E6-486D-98DC-754EDC6E8C70}.Release|Any CPU.ActiveCfg = Release|Any CPU
		{7C244BA9-88E6-486D-98DC-754EDC6E8C70}.Release|Any CPU.Build.0 = Release|Any CPU
	EndGlobalSection
	GlobalSection(SolutionProperties) = preSolution
		HideSolutionNode = FALSE
	EndGlobalSection
	GlobalSection(ExtensibilityGlobals) = postSolution
		SolutionGuid = {115D05C4-B46B-43AE-BE19-2B5011418087}
	EndGlobalSection
EndGlobal
